{
  "requires": true,
  "lockfileVersion": 1,
  "dependencies": {
    "react-chartjs-2": {
      "version": "5.1.0",
      "resolved": "https://registry.npmjs.org/react-chartjs-2/-/react-chartjs-2-5.1.0.tgz",
      "integrity": "sha512-Gt76b7+p7nMQq0MvkWfUSNAzIm/TLAnAO32zIpSzrQyc9JWRbVCtq8qOzPJmfpDzPcIJ7Y9Gp5g+VdTRrGITsQ=="
    }
  }
}
